
Microsoft Visual Studio Solution File, Format Version 12.00
# Visual Studio Version 17
VisualStudioVersion = 17.8.34212.112
MinimumVisualStudioVersion = 10.0.40219.1
Project("{FAE04EC0-301F-11D3-BF4B-00C04F79EFBC}") = "BlazorServerSample", "BlazorServerSample\BlazorServerSample.csproj", "{49D77429-57F2-4255-80D1-57CFDAAA9D41}"
EndProject
Global
	GlobalSection(SolutionConfigurationPlatforms) = preSolution
		Debug|Any CPU = Debug|Any CPU
		Release|Any CPU = Release|Any CPU
	EndGlobalSection
	GlobalSection(ProjectConfigurationPlatforms) = postSolution
		{49D77429-57F2-4255-80D1-57CFDAAA9D41}.Debug|Any CPU.ActiveCfg = Debug|Any CPU
		{49D77429-57F2-4255-80D1-57CFDAAA9D41}.Debug|Any CPU.Build.0 = Debug|Any CPU
		{49D77429-57F2-4255-80D1-57CFDAAA9D41}.Release|Any CPU.ActiveCfg = Release|Any CPU
		{49D77429-57F2-4255-80D1-57CFDAAA9D41}.Release|Any CPU.Build.0 = Release|Any CPU
	EndGlobalSection
	GlobalSection(SolutionProperties) = preSolution
		HideSolutionNode = FALSE
	EndGlobalSection
	GlobalSection(ExtensibilityGlobals) = postSolution
		SolutionGuid = {96152F8B-BD72-479D-BB14-6981FB4DE358}
	EndGlobalSection
EndGlobal
